// !$*UTF8*$!
{
	archiveVersion = 1;
	classes = {
	};
	objectVersion = 46;
	objects = {

/* Begin PBXBuildFile section */
		3A83D6861CAA793A00B94C38 /* main.swift in Sources */ = {isa = PBXBuildFile; fileRef = 3A83D6851CAA793A00B94C38 /* main.swift */; };
		3A84FE7F1CACF5F9005BE4E4 /* PngHelper.m in Sources */ = {isa = PBXBuildFile; fileRef = 3A84FE7E1CACF5F9005BE4E4 /* PngHelper.m */; };
/* End PBXBuildFile section */

/* Begin PBXCopyFilesBuildPhase section */
		3A83D6801CAA793A00B94C38 /* CopyFiles */ = {
			isa = PBXCopyFilesBuildPhase;
			buildActionMask = 2147483647;
			dstPath = /usr/share/man/man1/;
			dstSubfolderSpec = 0;
			files = (
			);
			runOnlyForDeploymentPostprocessing = 1;
		};
/* End PBXCopyFilesBuildPhase section */

/* Begin PBXFileReference section */
		3A83D6821CAA793A00B94C38 /* File@nx */ = {isa = PBXFileReference; explicitFileType = "compiled.mach-o.executable"; includeInIndex = 0; path = "File@nx"; sourceTree = BUILT_PRODUCTS_DIR; };
		3A83D6851CAA793A00B94C38 /* main.swift */ = {isa = PBXFileReference; lastKnownFileType = sourcecode.swift; path = main.swift; sourceTree = "<group>"; };
		3A84FE7C1CACF5F8005BE4E4 /* File@nx-Bridging-Header.h */ = {isa = PBXFileReference; lastKnownFileType = sourcecode.c.h; path = "File@nx-Bridging-Header.h"; sourceTree = "<group>"; };
		3A84FE7D1CACF5F9005BE4E4 /* PngHelper.h */ = {isa = PBXFileReference; fileEncoding = 4; lastKnownFileType = sourcecode.c.h; path = PngHelper.h; sourceTree = "<group>"; };
		3A84FE7E1CACF5F9005BE4E4 /* PngHelper.m */ = {isa = PBXFileReference; fileEncoding = 4; lastKnownFileType = sourcecode.c.objc; path = PngHelper.m; sourceTree = "<group>"; };
/* End PBXFileReference section */

/* Begin PBXFrameworksBuildPhase section */
		3A83D67F1CAA793A00B94C38 /* Frameworks */ = {
			isa = PBXFrameworksBuildPhase;
			buildActionMask = 2147483647;
			files = (
			);
			runOnlyForDeploymentPostprocessing = 0;
		};
/* End PBXFrameworksBuildPhase section */

/* Begin PBXGroup section */
		3A83D6791CAA793A00B94C38 = {
			isa = PBXGroup;
			children = (
				3A83D6841CAA793A00B94C38 /* File@nx */,
				3A83D6831CAA793A00B94C38 /* Products */,
			);
			sourceTree = "<group>";
		};
		3A83D6831CAA793A00B94C38 /* Products */ = {
			isa = PBXGroup;
			children = (
				3A83D6821CAA793A00B94C38 /* File@nx */,
			);
			name = Products;
			sourceTree = "<group>";
		};
		3A83D6841CAA793A00B94C38 /* File@nx */ = {
			isa = PBXGroup;
			children = (
				3A83D6851CAA793A00B94C38 /* main.swift */,
				3A84FE7D1CACF5F9005BE4E4 /* PngHelper.h */,
				3A84FE7E1CACF5F9005BE4E4 /* PngHelper.m */,
				3A84FE7C1CACF5F8005BE4E4 /* File@nx-Bridging-Header.h */,
			);
			path = "File@nx";
			sourceTree = "<group>";
		};
/* End PBXGroup section */

/* Begin PBXNativeTarget section */
		3A83D6811CAA793A00B94C38 /* File@nx */ = {
			isa = PBXNativeTarget;
			buildConfigurationList = 3A83D6891CAA793A00B94C38 /* Build configuration list for PBXNativeTarget "File@nx" */;
			buildPhases = (
				3A83D67E1CAA793A00B94C38 /* Sources */,
				3A83D67F1CAA793A00B94C38 /* Frameworks */,
				3A83D6801CAA793A00B94C38 /* CopyFiles */,
			);
			buildRules = (
			);
			dependencies = (
			);
			name = "File@nx";
			productName = "File@nx";
			productReference = 3A83D6821CAA793A00B94C38 /* File@nx */;
			productType = "com.apple.product-type.tool";
		};
/* End PBXNativeTarget section */

/* Begin PBXProject section */
		3A83D67A1CAA793A00B94C38 /* Project object */ = {
			isa = PBXProject;
			attributes = {
				LastSwiftUpdateCheck = 0730;
				LastUpgradeCheck = 0730;
				ORGANIZATIONNAME = Chindle;
				TargetAttributes = {
					3A83D6811CAA793A00B94C38 = {
						CreatedOnToolsVersion = 7.3;
					};
				};
			};
			buildConfigurationList = 3A83D67D1CAA793A00B94C38 /* Build configuration list for PBXProject "File@nx" */;
			compatibilityVersion = "Xcode 3.2";
			developmentRegion = English;
			hasScannedForEncodings = 0;
			knownRegions = (
				en,
			);
			mainGroup = 3A83D6791CAA793A00B94C38;
			productRefGroup = 3A83D6831CAA793A00B94C38 /* Products */;
			projectDirPath = "";
			projectRoot = "";
			targets = (
				3A83D6811CAA793A00B94C38 /* File@nx */,
			);
		};
/* End PBXProject section */

/* Begin PBXSourcesBuildPhase section */
		3A83D67E1CAA793A00B94C38 /* Sources */ = {
			isa = PBXSourcesBuildPhase;
			buildActionMask = 2147483647;
			files = (
				3A83D6861CAA793A00B94C38 /* main.swift in Sources */,
				3A84FE7F1CACF5F9005BE4E4 /* PngHelper.m in Sources */,
			);
			runOnlyForDeploymentPostprocessing = 0;
		};
/* End PBXSourcesBuildPhase section */

/* Begin XCBuildConfiguration section */
		3A83D6871CAA793A00B94C38 /* Debug */ = {
			isa = XCBuildConfiguration;
			buildSettings = {
				ALWAYS_SEARCH_USER_PATHS = NO;
				CLANG_ANALYZER_NONNULL = YES;
				CLANG_CXX_LANGUAGE_STANDARD = "gnu++0x";
				CLANG_CXX_LIBRARY = "libc++";
				CLANG_ENABLE_MODULES = YES;
				CLANG_ENABLE_OBJC_ARC = YES;
				CLANG_WARN_BOOL_CONVERSION = YES;
				CLANG_WARN_CONSTANT_CONVERSION = YES;
				CLANG_WARN_DIRECT_OBJC_ISA_USAGE = YES_ERROR;
				CLANG_WARN_EMPTY_BODY = YES;
				CLANG_WARN_ENUM_CONVERSION = YES;
				CLANG_WARN_INT_CONVERSION = YES;
				CLANG_WARN_OBJC_ROOT_CLASS = YES_ERROR;
				CLANG_WARN_UNREACHABLE_CODE = YES;
				CLANG_WARN__DUPLICATE_METHOD_MATCH = YES;
				CODE_SIGN_IDENTITY = "-";
				COPY_PHASE_STRIP = NO;
				DEBUG_INFORMATION_FORMAT = dwarf;
				ENABLE_STRICT_OBJC_MSGSEND = YES;
				ENABLE_TESTABILITY = YES;
				GCC_C_LANGUAGE_STANDARD = gnu99;
				GCC_DYNAMIC_NO_PIC = NO;
				GCC_NO_COMMON_BLOCKS = YES;
				GCC_OPTIMIZATION_LEVEL = 0;
				GCC_PREPROCESSOR_DEFINITIONS = (
					"DEBUG=1",
					"$(inherited)",
				);
				GCC_WARN_64_TO_32_BIT_CONVERSION = YES;
				GCC_WARN_ABOUT_RETURN_TYPE = YES_ERROR;
				GCC_WARN_UNDECLARED_SELECTOR = YES;
				GCC_WARN_UNINITIALIZED_AUTOS = YES_AGGRESSIVE;
				GCC_WARN_UNUSED_FUNCTION = YES;
				GCC_WARN_UNUSED_VARIABLE = YES;
				MACOSX_DEPLOYMENT_TARGET = 10.11;
				MTL_ENABLE_DEBUG_INFO = YES;
				ONLY_ACTIVE_ARCH = YES;
				SDKROOT = macosx;
				SWIFT_OPTIMIZATION_LEVEL = "-Onone";
			};
			name = Debug;
		};
		3A83D6881CAA793A00B94C38 /* Release */ = {
			isa = XCBuildConfiguration;
			buildSettings = {
				ALWAYS_SEARCH_USER_PATHS = NO;
				CLANG_ANALYZER_NONNULL = YES;
				CLANG_CXX_LANGUAGE_STANDARD = "gnu++0x";
				CLANG_CXX_LIBRARY = "libc++";
				CLANG_ENABLE_MODULES = YES;
				CLANG_ENABLE_OBJC_ARC = YES;
				CLANG_WARN_BOOL_CONVERSION = YES;
				CLANG_WARN_CONSTANT_CONVERSION = YES;
				CLANG_WARN_DIRECT_OBJC_ISA_USAGE = YES_ERROR;
				CLANG_WARN_EMPTY_BODY = YES;
				CLANG_WARN_ENUM_CONVERSION = YES;
				CLANG_WARN_INT_CONVERSION = YES;
				CLANG_WARN_OBJC_ROOT_CLASS = YES_ERROR;
				CLANG_WARN_UNREACHABLE_CODE = YES;
				CLANG_WARN__DUPLICATE_METHOD_MATCH = YES;
				CODE_SIGN_IDENTITY = "-";
				COPY_PHASE_STRIP = NO;
				DEBUG_INFORMATION_FORMAT = "dwarf-with-dsym";
				ENABLE_NS_ASSERTIONS = NO;
				ENABLE_STRICT_OBJC_MSGSEND = YES;
				GCC_C_LANGUAGE_STANDARD = gnu99;
				GCC_NO_COMMON_BLOCKS = YES;
				GCC_WARN_64_TO_32_BIT_CONVERSION = YES;
				GCC_WARN_ABOUT_RETURN_TYPE = YES_ERROR;
				GCC_WARN_UNDECLARED_SELECTOR = YES;
				GCC_WARN_UNINITIALIZED_AUTOS = YES_AGGRESSIVE;
				GCC_WARN_UNUSED_FUNCTION = YES;
				GCC_WARN_UNUSED_VARIABLE = YES;
				MACOSX_DEPLOYMENT_TARGET = 10.11;
				MTL_ENABLE_DEBUG_INFO = NO;
				SDKROOT = macosx;
			};
			name = Release;
		};
		3A83D68A1CAA793A00B94C38 /* Debug */ = {
			isa = XCBuildConfiguration;
			buildSettings = {
				CLANG_ENABLE_MODULES = YES;
				LD_RUNPATH_SEARCH_PATHS = "$(inherited) @executable_path/../Frameworks @loader_path/../Frameworks";
				PRODUCT_NAME = "$(TARGET_NAME)";
				SWIFT_OBJC_BRIDGING_HEADER = "File@nx/File@nx-Bridging-Header.h";
				SWIFT_OPTIMIZATION_LEVEL = "-Onone";
			};
			name = Debug;
		};
		3A83D68B1CAA793A00B94C38 /* Release */ = {
			isa = XCBuildConfiguration;
			buildSettings = {
				CLANG_ENABLE_MODULES = YES;
				LD_RUNPATH_SEARCH_PATHS = "$(inherited) @executable_path/../Frameworks @loader_path/../Frameworks";
				PRODUCT_NAME = "$(TARGET_NAME)";
				SWIFT_OBJC_BRIDGING_HEADER = "File@nx/File@nx-Bridging-Header.h";
			};
			name = Release;
		};
/* End XCBuildConfiguration section */

/* Begin XCConfigurationList section */
		3A83D67D1CAA793A00B94C38 /* Build configuration list for PBXProject "File@nx" */ = {
			isa = XCConfigurationList;
			buildConfigurations = (
				3A83D6871CAA793A00B94C38 /* Debug */,
				3A83D6881CAA793A00B94C38 /* Release */,
			);
			defaultConfigurationIsVisible = 0;
			defaultConfigurationName = Release;
		};
		3A83D6891CAA793A00B94C38 /* Build configuration list for PBXNativeTarget "File@nx" */ = {
			isa = XCConfigurationList;
			buildConfigurations = (
				3A83D68A1CAA793A00B94C38 /* Debug */,
				3A83D68B1CAA793A00B94C38 /* Release */,
			);
			defaultConfigurationIsVisible = 0;
			defaultConfigurationName = Release;
		};
/* End XCConfigurationList section */
	};
	rootObject = 3A83D67A1CAA793A00B94C38 /* Project object */;
}
